
Microsoft Visual Studio Solution File, Format Version 12.00
# Visual Studio 2013
VisualStudioVersion = 12.0.40629.0
MinimumVisualStudioVersion = 10.0.40219.1
Project("{FAE04EC0-301F-11D3-BF4B-00C04F79EFBC}") = "SomeApplication", "SomeApplication\SomeApplication.csproj", "{264E37D1-E0F9-45F5-BD14-9E90E36CA724}"
EndProject
Project("{FAE04EC0-301F-11D3-BF4B-00C04F79EFBC}") = "SomeApplication.Tests", "SomeApplication.Tests\SomeApplication.Tests.csproj", "{F5192DFC-C7B4-48F1-8A0C-899A2ED315BF}"
EndProject
Project("{FAE04EC0-301F-11D3-BF4B-00C04F79EFBC}") = "xUnitExtension", "xUnitExtension\xUnitExtension.csproj", "{998BEB4D-08E6-441A-9070-8B7F10F6987B}"
EndProject
Project("{FAE04EC0-301F-11D3-BF4B-00C04F79EFBC}") = "xUnitExtension.Tests", "xUnitExtension.Tests\xUnitExtension.Tests.csproj", "{0D3A7EB1-46E6-49CC-9438-D0487823B240}"
EndProject
Global
	GlobalSection(SolutionConfigurationPlatforms) = preSolution
		Debug|Any CPU = Debug|Any CPU
		Release|Any CPU = Release|Any CPU
	EndGlobalSection
	GlobalSection(ProjectConfigurationPlatforms) = postSolution
		{264E37D1-E0F9-45F5-BD14-9E90E36CA724}.Debug|Any CPU.ActiveCfg = Debug|Any CPU
		{264E37D1-E0F9-45F5-BD14-9E90E36CA724}.Debug|Any CPU.Build.0 = Debug|Any CPU
		{264E37D1-E0F9-45F5-BD14-9E90E36CA724}.Release|Any CPU.ActiveCfg = Release|Any CPU
		{264E37D1-E0F9-45F5-BD14-9E90E36CA724}.Release|Any CPU.Build.0 = Release|Any CPU
		{F5192DFC-C7B4-48F1-8A0C-899A2ED315BF}.Debug|Any CPU.ActiveCfg = Debug|Any CPU
		{F5192DFC-C7B4-48F1-8A0C-899A2ED315BF}.Debug|Any CPU.Build.0 = Debug|Any CPU
		{F5192DFC-C7B4-48F1-8A0C-899A2ED315BF}.Release|Any CPU.ActiveCfg = Release|Any CPU
		{F5192DFC-C7B4-48F1-8A0C-899A2ED315BF}.Release|Any CPU.Build.0 = Release|Any CPU
		{998BEB4D-08E6-441A-9070-8B7F10F6987B}.Debug|Any CPU.ActiveCfg = Debug|Any CPU
		{998BEB4D-08E6-441A-9070-8B7F10F6987B}.Debug|Any CPU.Build.0 = Debug|Any CPU
		{998BEB4D-08E6-441A-9070-8B7F10F6987B}.Release|Any CPU.ActiveCfg = Release|Any CPU
		{998BEB4D-08E6-441A-9070-8B7F10F6987B}.Release|Any CPU.Build.0 = Release|Any CPU
		{0D3A7EB1-46E6-49CC-9438-D0487823B240}.Debug|Any CPU.ActiveCfg = Debug|Any CPU
		{0D3A7EB1-46E6-49CC-9438-D0487823B240}.Debug|Any CPU.Build.0 = Debug|Any CPU
		{0D3A7EB1-46E6-49CC-9438-D0487823B240}.Release|Any CPU.ActiveCfg = Release|Any CPU
		{0D3A7EB1-46E6-49CC-9438-D0487823B240}.Release|Any CPU.Build.0 = Release|Any CPU
	EndGlobalSection
	GlobalSection(SolutionProperties) = preSolution
		HideSolutionNode = FALSE
	EndGlobalSection
EndGlobal
